
Microsoft Visual Studio Solution File, Format Version 12.00
# Visual Studio Version 17
VisualStudioVersion = 17.1.32421.90
MinimumVisualStudioVersion = 10.0.40219.1
Project("{FAE04EC0-301F-11D3-BF4B-00C04F79EFBC}") = "WebAPICustomErrorResponses", "WebAPICustomErrorResponses\WebAPICustomErrorResponses.csproj", "{CC975CDC-4C33-418C-A4D5-F2720EED539A}"
EndProject
Global
	GlobalSection(SolutionConfigurationPlatforms) = preSolution
		Debug|Any CPU = Debug|Any CPU
		Release|Any CPU = Release|Any CPU
	EndGlobalSection
	GlobalSection(ProjectConfigurationPlatforms) = postSolution
		{CC975CDC-4C33-418C-A4D5-F2720EED539A}.Debug|Any CPU.ActiveCfg = Debug|Any CPU
		{CC975CDC-4C33-418C-A4D5-F2720EED539A}.Debug|Any CPU.Build.0 = Debug|Any CPU
		{CC975CDC-4C33-418C-A4D5-F2720EED539A}.Release|Any CPU.ActiveCfg = Release|Any CPU
		{CC975CDC-4C33-418C-A4D5-F2720EED539A}.Release|Any CPU.Build.0 = Release|Any CPU
	EndGlobalSection
	GlobalSection(SolutionProperties) = preSolution
		HideSolutionNode = FALSE
	EndGlobalSection
	GlobalSection(ExtensibilityGlobals) = postSolution
		SolutionGuid = {E79C9DDF-87C9-47C7-ACDD-C8C168D8BBB2}
	EndGlobalSection
EndGlobal
